# THIS IS AN AUTOGENERATED FILE. DO NOT EDIT THIS FILE DIRECTLY.
# yarn lockfile v1


"@types/node@^17.0.12":
  version "17.0.12"
  resolved "https://registry.yarnpkg.com/@types/node/-/node-17.0.12.tgz#f7aa331b27f08244888c47b7df126184bc2339c5"
  integrity sha512-4YpbAsnJXWYK/fpTVFlMIcUIho2AYCi4wg5aNPrG1ng7fn/1/RZfCIpRCiBX+12RVa34RluilnvCqD+g3KiSiA==
