# THIS IS AN AUTOGENERATED FILE. DO NOT EDIT THIS FILE DIRECTLY.
# yarn lockfile v1


"@types/node@^18.11.16":
  version "18.11.16"
  resolved "https://registry.yarnpkg.com/@types/node/-/node-18.11.16.tgz#966cae211e970199559cfbd295888fca189e49af"
  integrity sha512-6T7P5bDkRhqRxrQtwj7vru+bWTpelgtcETAZEUSdq0YISKz8WKdoBukQLYQQ6DFHvU9JRsbFq0JH5C51X2ZdnA==
